// !$*UTF8*$!
{
	archiveVersion = 1;
	classes = {
	};
	objectVersion = 50;
	objects = {

/* Begin PBXBuildFile section */
		3AA6A24F270BD664005F06D4 /* AppDelegate.swift in Sources */ = {isa = PBXBuildFile; fileRef = 3AA6A24E270BD664005F06D4 /* AppDelegate.swift */; };
		3AA6A251270BD664005F06D4 /* SceneDelegate.swift in Sources */ = {isa = PBXBuildFile; fileRef = 3AA6A250270BD664005F06D4 /* SceneDelegate.swift */; };
		3AA6A258270BD66A005F06D4 /* Assets.xcassets in Resources */ = {isa = PBXBuildFile; fileRef = 3AA6A257270BD66A005F06D4 /* Assets.xcassets */; };
		3AA6A25B270BD66A005F06D4 /* LaunchScreen.storyboard in Resources */ = {isa = PBXBuildFile; fileRef = 3AA6A259270BD66A005F06D4 /* LaunchScreen.storyboard */; };
		3AB8BDA1270BFF1800A1F8A0 /* HomeViewController.swift in Sources */ = {isa = PBXBuildFile; fileRef = 3AB8BD9F270BFF1800A1F8A0 /* HomeViewController.swift */; };
		3AB8BDA2270BFF1800A1F8A0 /* HomeViewController.xib in Resources */ = {isa = PBXBuildFile; fileRef = 3AB8BDA0270BFF1800A1F8A0 /* HomeViewController.xib */; };
		3AB8BDAB270BFF8300A1F8A0 /* WatchListViewController.swift in Sources */ = {isa = PBXBuildFile; fileRef = 3AB8BDA9270BFF8300A1F8A0 /* WatchListViewController.swift */; };
		3AB8BDAC270BFF8300A1F8A0 /* WatchListViewController.xib in Resources */ = {isa = PBXBuildFile; fileRef = 3AB8BDAA270BFF8300A1F8A0 /* WatchListViewController.xib */; };
		3AB8BDB0270BFF9700A1F8A0 /* FavoriteViewController.swift in Sources */ = {isa = PBXBuildFile; fileRef = 3AB8BDAE270BFF9700A1F8A0 /* FavoriteViewController.swift */; };
		3AB8BDB1270BFF9700A1F8A0 /* FavoriteViewController.xib in Resources */ = {isa = PBXBuildFile; fileRef = 3AB8BDAF270BFF9700A1F8A0 /* FavoriteViewController.xib */; };
		3AB8BDBC270C2B8000A1F8A0 /* CustomNav.swift in Sources */ = {isa = PBXBuildFile; fileRef = 3AB8BDBA270C2B8000A1F8A0 /* CustomNav.swift */; };
		3AB8BDBD270C2B8000A1F8A0 /* CustomNav.xib in Resources */ = {isa = PBXBuildFile; fileRef = 3AB8BDBB270C2B8000A1F8A0 /* CustomNav.xib */; };
		3AB8BDC9270C375800A1F8A0 /* MovieViewCell.swift in Sources */ = {isa = PBXBuildFile; fileRef = 3AB8BDC7270C375800A1F8A0 /* MovieViewCell.swift */; };
		3AB8BDCA270C375800A1F8A0 /* MovieViewCell.xib in Resources */ = {isa = PBXBuildFile; fileRef = 3AB8BDC8270C375800A1F8A0 /* MovieViewCell.xib */; };
		3AB8BDCD270C4AED00A1F8A0 /* ProgressBar.swift in Sources */ = {isa = PBXBuildFile; fileRef = 3AB8BDCC270C4AED00A1F8A0 /* ProgressBar.swift */; };
/* End PBXBuildFile section */

/* Begin PBXFileReference section */
		3AA6A24B270BD664005F06D4 /* MovieTheater.app */ = {isa = PBXFileReference; explicitFileType = wrapper.application; includeInIndex = 0; path = MovieTheater.app; sourceTree = BUILT_PRODUCTS_DIR; };
		3AA6A24E270BD664005F06D4 /* AppDelegate.swift */ = {isa = PBXFileReference; lastKnownFileType = sourcecode.swift; path = AppDelegate.swift; sourceTree = "<group>"; };
		3AA6A250270BD664005F06D4 /* SceneDelegate.swift */ = {isa = PBXFileReference; lastKnownFileType = sourcecode.swift; path = SceneDelegate.swift; sourceTree = "<group>"; };
		3AA6A257270BD66A005F06D4 /* Assets.xcassets */ = {isa = PBXFileReference; lastKnownFileType = folder.assetcatalog; path = Assets.xcassets; sourceTree = "<group>"; };
		3AA6A25A270BD66A005F06D4 /* Base */ = {isa = PBXFileReference; lastKnownFileType = file.storyboard; name = Base; path = Base.lproj/LaunchScreen.storyboard; sourceTree = "<group>"; };
		3AA6A25C270BD66A005F06D4 /* Info.plist */ = {isa = PBXFileReference; lastKnownFileType = text.plist.xml; path = Info.plist; sourceTree = "<group>"; };
		3AB8BD9F270BFF1800A1F8A0 /* HomeViewController.swift */ = {isa = PBXFileReference; lastKnownFileType = sourcecode.swift; path = HomeViewController.swift; sourceTree = "<group>"; };
		3AB8BDA0270BFF1800A1F8A0 /* HomeViewController.xib */ = {isa = PBXFileReference; lastKnownFileType = file.xib; path = HomeViewController.xib; sourceTree = "<group>"; };
		3AB8BDA9270BFF8300A1F8A0 /* WatchListViewController.swift */ = {isa = PBXFileReference; lastKnownFileType = sourcecode.swift; path = WatchListViewController.swift; sourceTree = "<group>"; };
		3AB8BDAA270BFF8300A1F8A0 /* WatchListViewController.xib */ = {isa = PBXFileReference; lastKnownFileType = file.xib; path = WatchListViewController.xib; sourceTree = "<group>"; };
		3AB8BDAE270BFF9700A1F8A0 /* FavoriteViewController.swift */ = {isa = PBXFileReference; lastKnownFileType = sourcecode.swift; path = FavoriteViewController.swift; sourceTree = "<group>"; };
		3AB8BDAF270BFF9700A1F8A0 /* FavoriteViewController.xib */ = {isa = PBXFileReference; lastKnownFileType = file.xib; path = FavoriteViewController.xib; sourceTree = "<group>"; };
		3AB8BDBA270C2B8000A1F8A0 /* CustomNav.swift */ = {isa = PBXFileReference; lastKnownFileType = sourcecode.swift; path = CustomNav.swift; sourceTree = "<group>"; };
		3AB8BDBB270C2B8000A1F8A0 /* CustomNav.xib */ = {isa = PBXFileReference; lastKnownFileType = file.xib; path = CustomNav.xib; sourceTree = "<group>"; };
		3AB8BDC7270C375800A1F8A0 /* MovieViewCell.swift */ = {isa = PBXFileReference; lastKnownFileType = sourcecode.swift; path = MovieViewCell.swift; sourceTree = "<group>"; };
		3AB8BDC8270C375800A1F8A0 /* MovieViewCell.xib */ = {isa = PBXFileReference; lastKnownFileType = file.xib; path = MovieViewCell.xib; sourceTree = "<group>"; };
		3AB8BDCC270C4AED00A1F8A0 /* ProgressBar.swift */ = {isa = PBXFileReference; lastKnownFileType = sourcecode.swift; path = ProgressBar.swift; sourceTree = "<group>"; };
/* End PBXFileReference section */

/* Begin PBXFrameworksBuildPhase section */
		3AA6A248270BD664005F06D4 /* Frameworks */ = {
			isa = PBXFrameworksBuildPhase;
			buildActionMask = 2147483647;
			files = (
			);
			runOnlyForDeploymentPostprocessing = 0;
		};
/* End PBXFrameworksBuildPhase section */

/* Begin PBXGroup section */
		3AA6A242270BD664005F06D4 = {
			isa = PBXGroup;
			children = (
				3AA6A24D270BD664005F06D4 /* MovieTheater */,
				3AA6A24C270BD664005F06D4 /* Products */,
			);
			sourceTree = "<group>";
		};
		3AA6A24C270BD664005F06D4 /* Products */ = {
			isa = PBXGroup;
			children = (
				3AA6A24B270BD664005F06D4 /* MovieTheater.app */,
			);
			name = Products;
			sourceTree = "<group>";
		};
		3AA6A24D270BD664005F06D4 /* MovieTheater */ = {
			isa = PBXGroup;
			children = (
				3AA6A267270BD6AB005F06D4 /* Models */,
				3AA6A266270BD697005F06D4 /* UI */,
				3AA6A263270BD67A005F06D4 /* SupportFiles */,
			);
			path = MovieTheater;
			sourceTree = "<group>";
		};
		3AA6A263270BD67A005F06D4 /* SupportFiles */ = {
			isa = PBXGroup;
			children = (
				3AA6A24E270BD664005F06D4 /* AppDelegate.swift */,
				3AA6A250270BD664005F06D4 /* SceneDelegate.swift */,
				3AA6A257270BD66A005F06D4 /* Assets.xcassets */,
				3AA6A259270BD66A005F06D4 /* LaunchScreen.storyboard */,
				3AA6A25C270BD66A005F06D4 /* Info.plist */,
			);
			path = SupportFiles;
			sourceTree = "<group>";
		};
		3AA6A266270BD697005F06D4 /* UI */ = {
			isa = PBXGroup;
			children = (
				3AB8BDA8270BFF6A00A1F8A0 /* WatchList */,
				3AB8BDA7270BFF5D00A1F8A0 /* FavoriteController */,
				3AB8BDA4270BFF1C00A1F8A0 /* HomeController */,
			);
			path = UI;
			sourceTree = "<group>";
		};
		3AA6A267270BD6AB005F06D4 /* Models */ = {
			isa = PBXGroup;
			children = (
			);
			path = Models;
			sourceTree = "<group>";
		};
		3AB8BDA4270BFF1C00A1F8A0 /* HomeController */ = {
			isa = PBXGroup;
			children = (
				3AB8BDBF270C36E300A1F8A0 /* MovieViewCell */,
				3AB8BD9F270BFF1800A1F8A0 /* HomeViewController.swift */,
				3AB8BDA0270BFF1800A1F8A0 /* HomeViewController.xib */,
				3AB8BDBA270C2B8000A1F8A0 /* CustomNav.swift */,
				3AB8BDBB270C2B8000A1F8A0 /* CustomNav.xib */,
				3AB8BDCC270C4AED00A1F8A0 /* ProgressBar.swift */,
			);
			path = HomeController;
			sourceTree = "<group>";
		};
		3AB8BDA7270BFF5D00A1F8A0 /* FavoriteController */ = {
			isa = PBXGroup;
			children = (
				3AB8BDAE270BFF9700A1F8A0 /* FavoriteViewController.swift */,
				3AB8BDAF270BFF9700A1F8A0 /* FavoriteViewController.xib */,
			);
			path = FavoriteController;
			sourceTree = "<group>";
		};
		3AB8BDA8270BFF6A00A1F8A0 /* WatchList */ = {
			isa = PBXGroup;
			children = (
				3AB8BDA9270BFF8300A1F8A0 /* WatchListViewController.swift */,
				3AB8BDAA270BFF8300A1F8A0 /* WatchListViewController.xib */,
			);
			path = WatchList;
			sourceTree = "<group>";
		};
		3AB8BDBF270C36E300A1F8A0 /* MovieViewCell */ = {
			isa = PBXGroup;
			children = (
				3AB8BDC7270C375800A1F8A0 /* MovieViewCell.swift */,
				3AB8BDC8270C375800A1F8A0 /* MovieViewCell.xib */,
			);
			path = MovieViewCell;
			sourceTree = "<group>";
		};
/* End PBXGroup section */

/* Begin PBXNativeTarget section */
		3AA6A24A270BD664005F06D4 /* MovieTheater */ = {
			isa = PBXNativeTarget;
			buildConfigurationList = 3AA6A25F270BD66A005F06D4 /* Build configuration list for PBXNativeTarget "MovieTheater" */;
			buildPhases = (
				3AA6A247270BD664005F06D4 /* Sources */,
				3AA6A248270BD664005F06D4 /* Frameworks */,
				3AA6A249270BD664005F06D4 /* Resources */,
			);
			buildRules = (
			);
			dependencies = (
			);
			name = MovieTheater;
			productName = MovieTheater;
			productReference = 3AA6A24B270BD664005F06D4 /* MovieTheater.app */;
			productType = "com.apple.product-type.application";
		};
/* End PBXNativeTarget section */

/* Begin PBXProject section */
		3AA6A243270BD664005F06D4 /* Project object */ = {
			isa = PBXProject;
			attributes = {
				LastSwiftUpdateCheck = 1240;
				LastUpgradeCheck = 1240;
				TargetAttributes = {
					3AA6A24A270BD664005F06D4 = {
						CreatedOnToolsVersion = 12.4;
					};
				};
			};
			buildConfigurationList = 3AA6A246270BD664005F06D4 /* Build configuration list for PBXProject "MovieTheater" */;
			compatibilityVersion = "Xcode 9.3";
			developmentRegion = en;
			hasScannedForEncodings = 0;
			knownRegions = (
				en,
				Base,
			);
			mainGroup = 3AA6A242270BD664005F06D4;
			productRefGroup = 3AA6A24C270BD664005F06D4 /* Products */;
			projectDirPath = "";
			projectRoot = "";
			targets = (
				3AA6A24A270BD664005F06D4 /* MovieTheater */,
			);
		};
/* End PBXProject section */

/* Begin PBXResourcesBuildPhase section */
		3AA6A249270BD664005F06D4 /* Resources */ = {
			isa = PBXResourcesBuildPhase;
			buildActionMask = 2147483647;
			files = (
				3AB8BDCA270C375800A1F8A0 /* MovieViewCell.xib in Resources */,
				3AA6A25B270BD66A005F06D4 /* LaunchScreen.storyboard in Resources */,
				3AA6A258270BD66A005F06D4 /* Assets.xcassets in Resources */,
				3AB8BDBD270C2B8000A1F8A0 /* CustomNav.xib in Resources */,
				3AB8BDAC270BFF8300A1F8A0 /* WatchListViewController.xib in Resources */,
				3AB8BDB1270BFF9700A1F8A0 /* FavoriteViewController.xib in Resources */,
				3AB8BDA2270BFF1800A1F8A0 /* HomeViewController.xib in Resources */,
			);
			runOnlyForDeploymentPostprocessing = 0;
		};
/* End PBXResourcesBuildPhase section */

/* Begin PBXSourcesBuildPhase section */
		3AA6A247270BD664005F06D4 /* Sources */ = {
			isa = PBXSourcesBuildPhase;
			buildActionMask = 2147483647;
			files = (
				3AA6A24F270BD664005F06D4 /* AppDelegate.swift in Sources */,
				3AA6A251270BD664005F06D4 /* SceneDelegate.swift in Sources */,
				3AB8BDBC270C2B8000A1F8A0 /* CustomNav.swift in Sources */,
				3AB8BDAB270BFF8300A1F8A0 /* WatchListViewController.swift in Sources */,
				3AB8BDA1270BFF1800A1F8A0 /* HomeViewController.swift in Sources */,
				3AB8BDB0270BFF9700A1F8A0 /* FavoriteViewController.swift in Sources */,
				3AB8BDCD270C4AED00A1F8A0 /* ProgressBar.swift in Sources */,
				3AB8BDC9270C375800A1F8A0 /* MovieViewCell.swift in Sources */,
			);
			runOnlyForDeploymentPostprocessing = 0;
		};
/* End PBXSourcesBuildPhase section */

/* Begin PBXVariantGroup section */
		3AA6A259270BD66A005F06D4 /* LaunchScreen.storyboard */ = {
			isa = PBXVariantGroup;
			children = (
				3AA6A25A270BD66A005F06D4 /* Base */,
			);
			name = LaunchScreen.storyboard;
			sourceTree = "<group>";
		};
/* End PBXVariantGroup section */

/* Begin XCBuildConfiguration section */
		3AA6A25D270BD66A005F06D4 /* Debug */ = {
			isa = XCBuildConfiguration;
			buildSettings = {
				ALWAYS_SEARCH_USER_PATHS = NO;
				CLANG_ANALYZER_NONNULL = YES;
				CLANG_ANALYZER_NUMBER_OBJECT_CONVERSION = YES_AGGRESSIVE;
				CLANG_CXX_LANGUAGE_STANDARD = "gnu++14";
				CLANG_CXX_LIBRARY = "libc++";
				CLANG_ENABLE_MODULES = YES;
				CLANG_ENABLE_OBJC_ARC = YES;
				CLANG_ENABLE_OBJC_WEAK = YES;
				CLANG_WARN_BLOCK_CAPTURE_AUTORELEASING = YES;
				CLANG_WARN_BOOL_CONVERSION = YES;
				CLANG_WARN_COMMA = YES;
				CLANG_WARN_CONSTANT_CONVERSION = YES;
				CLANG_WARN_DEPRECATED_OBJC_IMPLEMENTATIONS = YES;
				CLANG_WARN_DIRECT_OBJC_ISA_USAGE = YES_ERROR;
				CLANG_WARN_DOCUMENTATION_COMMENTS = YES;
				CLANG_WARN_EMPTY_BODY = YES;
				CLANG_WARN_ENUM_CONVERSION = YES;
				CLANG_WARN_INFINITE_RECURSION = YES;
				CLANG_WARN_INT_CONVERSION = YES;
				CLANG_WARN_NON_LITERAL_NULL_CONVERSION = YES;
				CLANG_WARN_OBJC_IMPLICIT_RETAIN_SELF = YES;
				CLANG_WARN_OBJC_LITERAL_CONVERSION = YES;
				CLANG_WARN_OBJC_ROOT_CLASS = YES_ERROR;
				CLANG_WARN_QUOTED_INCLUDE_IN_FRAMEWORK_HEADER = YES;
				CLANG_WARN_RANGE_LOOP_ANALYSIS = YES;
				CLANG_WARN_STRICT_PROTOTYPES = YES;
				CLANG_WARN_SUSPICIOUS_MOVE = YES;
				CLANG_WARN_UNGUARDED_AVAILABILITY = YES_AGGRESSIVE;
				CLANG_WARN_UNREACHABLE_CODE = YES;
				CLANG_WARN__DUPLICATE_METHOD_MATCH = YES;
				COPY_PHASE_STRIP = NO;
				DEBUG_INFORMATION_FORMAT = dwarf;
				ENABLE_STRICT_OBJC_MSGSEND = YES;
				ENABLE_TESTABILITY = YES;
				GCC_C_LANGUAGE_STANDARD = gnu11;
				GCC_DYNAMIC_NO_PIC = NO;
				GCC_NO_COMMON_BLOCKS = YES;
				GCC_OPTIMIZATION_LEVEL = 0;
				GCC_PREPROCESSOR_DEFINITIONS = (
					"DEBUG=1",
					"$(inherited)",
				);
				GCC_WARN_64_TO_32_BIT_CONVERSION = YES;
				GCC_WARN_ABOUT_RETURN_TYPE = YES_ERROR;
				GCC_WARN_UNDECLARED_SELECTOR = YES;
				GCC_WARN_UNINITIALIZED_AUTOS = YES_AGGRESSIVE;
				GCC_WARN_UNUSED_FUNCTION = YES;
				GCC_WARN_UNUSED_VARIABLE = YES;
				IPHONEOS_DEPLOYMENT_TARGET = 14.4;
				MTL_ENABLE_DEBUG_INFO = INCLUDE_SOURCE;
				MTL_FAST_MATH = YES;
				ONLY_ACTIVE_ARCH = YES;
				SDKROOT = iphoneos;
				SWIFT_ACTIVE_COMPILATION_CONDITIONS = DEBUG;
				SWIFT_OPTIMIZATION_LEVEL = "-Onone";
			};
			name = Debug;
		};
		3AA6A25E270BD66A005F06D4 /* Release */ = {
			isa = XCBuildConfiguration;
			buildSettings = {
				ALWAYS_SEARCH_USER_PATHS = NO;
				CLANG_ANALYZER_NONNULL = YES;
				CLANG_ANALYZER_NUMBER_OBJECT_CONVERSION = YES_AGGRESSIVE;
				CLANG_CXX_LANGUAGE_STANDARD = "gnu++14";
				CLANG_CXX_LIBRARY = "libc++";
				CLANG_ENABLE_MODULES = YES;
				CLANG_ENABLE_OBJC_ARC = YES;
				CLANG_ENABLE_OBJC_WEAK = YES;
				CLANG_WARN_BLOCK_CAPTURE_AUTORELEASING = YES;
				CLANG_WARN_BOOL_CONVERSION = YES;
				CLANG_WARN_COMMA = YES;
				CLANG_WARN_CONSTANT_CONVERSION = YES;
				CLANG_WARN_DEPRECATED_OBJC_IMPLEMENTATIONS = YES;
				CLANG_WARN_DIRECT_OBJC_ISA_USAGE = YES_ERROR;
				CLANG_WARN_DOCUMENTATION_COMMENTS = YES;
				CLANG_WARN_EMPTY_BODY = YES;
				CLANG_WARN_ENUM_CONVERSION = YES;
				CLANG_WARN_INFINITE_RECURSION = YES;
				CLANG_WARN_INT_CONVERSION = YES;
				CLANG_WARN_NON_LITERAL_NULL_CONVERSION = YES;
				CLANG_WARN_OBJC_IMPLICIT_RETAIN_SELF = YES;
				CLANG_WARN_OBJC_LITERAL_CONVERSION = YES;
				CLANG_WARN_OBJC_ROOT_CLASS = YES_ERROR;
				CLANG_WARN_QUOTED_INCLUDE_IN_FRAMEWORK_HEADER = YES;
				CLANG_WARN_RANGE_LOOP_ANALYSIS = YES;
				CLANG_WARN_STRICT_PROTOTYPES = YES;
				CLANG_WARN_SUSPICIOUS_MOVE = YES;
				CLANG_WARN_UNGUARDED_AVAILABILITY = YES_AGGRESSIVE;
				CLANG_WARN_UNREACHABLE_CODE = YES;
				CLANG_WARN__DUPLICATE_METHOD_MATCH = YES;
				COPY_PHASE_STRIP = NO;
				DEBUG_INFORMATION_FORMAT = "dwarf-with-dsym";
				ENABLE_NS_ASSERTIONS = NO;
				ENABLE_STRICT_OBJC_MSGSEND = YES;
				GCC_C_LANGUAGE_STANDARD = gnu11;
				GCC_NO_COMMON_BLOCKS = YES;
				GCC_WARN_64_TO_32_BIT_CONVERSION = YES;
				GCC_WARN_ABOUT_RETURN_TYPE = YES_ERROR;
				GCC_WARN_UNDECLARED_SELECTOR = YES;
				GCC_WARN_UNINITIALIZED_AUTOS = YES_AGGRESSIVE;
				GCC_WARN_UNUSED_FUNCTION = YES;
				GCC_WARN_UNUSED_VARIABLE = YES;
				IPHONEOS_DEPLOYMENT_TARGET = 14.4;
				MTL_ENABLE_DEBUG_INFO = NO;
				MTL_FAST_MATH = YES;
				SDKROOT = iphoneos;
				SWIFT_COMPILATION_MODE = wholemodule;
				SWIFT_OPTIMIZATION_LEVEL = "-O";
				VALIDATE_PRODUCT = YES;
			};
			name = Release;
		};
		3AA6A260270BD66A005F06D4 /* Debug */ = {
			isa = XCBuildConfiguration;
			buildSettings = {
				ASSETCATALOG_COMPILER_APPICON_NAME = AppIcon;
				ASSETCATALOG_COMPILER_GLOBAL_ACCENT_COLOR_NAME = AccentColor;
				CODE_SIGN_STYLE = Automatic;
				DEVELOPMENT_TEAM = 7U944HJZLH;
				INFOPLIST_FILE = MovieTheater/SupportFiles/Info.plist;
				LD_RUNPATH_SEARCH_PATHS = (
					"$(inherited)",
					"@executable_path/Frameworks",
				);
				PRODUCT_BUNDLE_IDENTIFIER = com.duytran.dev.MovieTheater;
				PRODUCT_NAME = "$(TARGET_NAME)";
				SWIFT_VERSION = 5.0;
				TARGETED_DEVICE_FAMILY = "1,2";
			};
			name = Debug;
		};
		3AA6A261270BD66A005F06D4 /* Release */ = {
			isa = XCBuildConfiguration;
			buildSettings = {
				ASSETCATALOG_COMPILER_APPICON_NAME = AppIcon;
				ASSETCATALOG_COMPILER_GLOBAL_ACCENT_COLOR_NAME = AccentColor;
				CODE_SIGN_STYLE = Automatic;
				DEVELOPMENT_TEAM = 7U944HJZLH;
				INFOPLIST_FILE = MovieTheater/SupportFiles/Info.plist;
				LD_RUNPATH_SEARCH_PATHS = (
					"$(inherited)",
					"@executable_path/Frameworks",
				);
				PRODUCT_BUNDLE_IDENTIFIER = com.duytran.dev.MovieTheater;
				PRODUCT_NAME = "$(TARGET_NAME)";
				SWIFT_VERSION = 5.0;
				TARGETED_DEVICE_FAMILY = "1,2";
			};
			name = Release;
		};
/* End XCBuildConfiguration section */

/* Begin XCConfigurationList section */
		3AA6A246270BD664005F06D4 /* Build configuration list for PBXProject "MovieTheater" */ = {
			isa = XCConfigurationList;
			buildConfigurations = (
				3AA6A25D270BD66A005F06D4 /* Debug */,
				3AA6A25E270BD66A005F06D4 /* Release */,
			);
			defaultConfigurationIsVisible = 0;
			defaultConfigurationName = Release;
		};
		3AA6A25F270BD66A005F06D4 /* Build configuration list for PBXNativeTarget "MovieTheater" */ = {
			isa = XCConfigurationList;
			buildConfigurations = (
				3AA6A260270BD66A005F06D4 /* Debug */,
				3AA6A261270BD66A005F06D4 /* Release */,
			);
			defaultConfigurationIsVisible = 0;
			defaultConfigurationName = Release;
		};
/* End XCConfigurationList section */
	};
	rootObject = 3AA6A243270BD664005F06D4 /* Project object */;
}
